
Microsoft Visual Studio Solution File, Format Version 12.00
# Visual Studio Version 16
VisualStudioVersion = 16.0.30804.86
MinimumVisualStudioVersion = 10.0.40219.1
Project("{FAE04EC0-301F-11D3-BF4B-00C04F79EFBC}") = "ListviewExportToExcel", "ListviewExportToExcel\ListviewExportToExcel.csproj", "{0F5B5ABC-E698-4D81-8254-18E34E9056D5}"
EndProject
Global
	GlobalSection(SolutionConfigurationPlatforms) = preSolution
		Debug|Any CPU = Debug|Any CPU
		Release|Any CPU = Release|Any CPU
	EndGlobalSection
	GlobalSection(ProjectConfigurationPlatforms) = postSolution
		{0F5B5ABC-E698-4D81-8254-18E34E9056D5}.Debug|Any CPU.ActiveCfg = Debug|Any CPU
		{0F5B5ABC-E698-4D81-8254-18E34E9056D5}.Debug|Any CPU.Build.0 = Debug|Any CPU
		{0F5B5ABC-E698-4D81-8254-18E34E9056D5}.Release|Any CPU.ActiveCfg = Release|Any CPU
		{0F5B5ABC-E698-4D81-8254-18E34E9056D5}.Release|Any CPU.Build.0 = Release|Any CPU
	EndGlobalSection
	GlobalSection(SolutionProperties) = preSolution
		HideSolutionNode = FALSE
	EndGlobalSection
	GlobalSection(ExtensibilityGlobals) = postSolution
		SolutionGuid = {BFAB7021-9DE3-4A2F-91F0-2A6080F21C50}
	EndGlobalSection
EndGlobal
